
Microsoft Visual Studio Solution File, Format Version 12.00
# Visual Studio Version 16
VisualStudioVersion = 16.0.28803.156
MinimumVisualStudioVersion = 10.0.40219.1
Project("{9A19103F-16F7-4668-BE54-9A1E7A4F7556}") = "AcademiaDanca.IO.Dominio", "AcademiaDanca.Dominio\AcademiaDanca.IO.Dominio.csproj", "{5C2268D5-831D-48AB-A834-8C3F047DF20F}"
EndProject
Project("{9A19103F-16F7-4668-BE54-9A1E7A4F7556}") = "AcademiaDanca.IO.App", "AcademiaDanca.IO.App\AcademiaDanca.IO.App.csproj", "{B84DB80D-A8F7-4FC9-97BB-F0F270EB8256}"
EndProject
Project("{9A19103F-16F7-4668-BE54-9A1E7A4F7556}") = "AcademiaDanca.IO.Infra", "AcademiaDanca.IO.Infra\AcademiaDanca.IO.Infra.csproj", "{C8644FAE-508B-43D9-839A-2EF3A896476E}"
EndProject
Project("{9A19103F-16F7-4668-BE54-9A1E7A4F7556}") = "AcademiaDanca.IO.Compartilhado", "AcademiaDanca.IO.Compartilhado\AcademiaDanca.IO.Compartilhado.csproj", "{F8D7C920-4347-4916-88A7-A3B90ECD4BDD}"
EndProject
Project("{9A19103F-16F7-4668-BE54-9A1E7A4F7556}") = "Academia.Io.Tests", "Academia.Io.Tests\Academia.Io.Tests.csproj", "{8281B31A-C1E1-491A-9EBF-D8D23342AF0D}"
EndProject
Global
	GlobalSection(SolutionConfigurationPlatforms) = preSolution
		Debug|Any CPU = Debug|Any CPU
		Debug|x64 = Debug|x64
		Debug|x86 = Debug|x86
		Release|Any CPU = Release|Any CPU
		Release|x64 = Release|x64
		Release|x86 = Release|x86
	EndGlobalSection
	GlobalSection(ProjectConfigurationPlatforms) = postSolution
		{5C2268D5-831D-48AB-A834-8C3F047DF20F}.Debug|Any CPU.ActiveCfg = Debug|Any CPU
		{5C2268D5-831D-48AB-A834-8C3F047DF20F}.Debug|Any CPU.Build.0 = Debug|Any CPU
		{5C2268D5-831D-48AB-A834-8C3F047DF20F}.Debug|x64.ActiveCfg = Debug|Any CPU
		{5C2268D5-831D-48AB-A834-8C3F047DF20F}.Debug|x64.Build.0 = Debug|Any CPU
		{5C2268D5-831D-48AB-A834-8C3F047DF20F}.Debug|x86.ActiveCfg = Debug|Any CPU
		{5C2268D5-831D-48AB-A834-8C3F047DF20F}.Debug|x86.Build.0 = Debug|Any CPU
		{5C2268D5-831D-48AB-A834-8C3F047DF20F}.Release|Any CPU.ActiveCfg = Release|Any CPU
		{5C2268D5-831D-48AB-A834-8C3F047DF20F}.Release|Any CPU.Build.0 = Release|Any CPU
		{5C2268D5-831D-48AB-A834-8C3F047DF20F}.Release|x64.ActiveCfg = Release|Any CPU
		{5C2268D5-831D-48AB-A834-8C3F047DF20F}.Release|x64.Build.0 = Release|Any CPU
		{5C2268D5-831D-48AB-A834-8C3F047DF20F}.Release|x86.ActiveCfg = Release|Any CPU
		{5C2268D5-831D-48AB-A834-8C3F047DF20F}.Release|x86.Build.0 = Release|Any CPU
		{B84DB80D-A8F7-4FC9-97BB-F0F270EB8256}.Debug|Any CPU.ActiveCfg = Debug|Any CPU
		{B84DB80D-A8F7-4FC9-97BB-F0F270EB8256}.Debug|Any CPU.Build.0 = Debug|Any CPU
		{B84DB80D-A8F7-4FC9-97BB-F0F270EB8256}.Debug|x64.ActiveCfg = Release|Any CPU
		{B84DB80D-A8F7-4FC9-97BB-F0F270EB8256}.Debug|x64.Build.0 = Release|Any CPU
		{B84DB80D-A8F7-4FC9-97BB-F0F270EB8256}.Debug|x86.ActiveCfg = Release|Any CPU
		{B84DB80D-A8F7-4FC9-97BB-F0F270EB8256}.Debug|x86.Build.0 = Release|Any CPU
		{B84DB80D-A8F7-4FC9-97BB-F0F270EB8256}.Release|Any CPU.ActiveCfg = Release|Any CPU
		{B84DB80D-A8F7-4FC9-97BB-F0F270EB8256}.Release|Any CPU.Build.0 = Release|Any CPU
		{B84DB80D-A8F7-4FC9-97BB-F0F270EB8256}.Release|x64.ActiveCfg = Release|Any CPU
		{B84DB80D-A8F7-4FC9-97BB-F0F270EB8256}.Release|x64.Build.0 = Release|Any CPU
		{B84DB80D-A8F7-4FC9-97BB-F0F270EB8256}.Release|x86.ActiveCfg = Release|Any CPU
		{B84DB80D-A8F7-4FC9-97BB-F0F270EB8256}.Release|x86.Build.0 = Release|Any CPU
		{C8644FAE-508B-43D9-839A-2EF3A896476E}.Debug|Any CPU.ActiveCfg = Debug|Any CPU
		{C8644FAE-508B-43D9-839A-2EF3A896476E}.Debug|Any CPU.Build.0 = Debug|Any CPU
		{C8644FAE-508B-43D9-839A-2EF3A896476E}.Debug|x64.ActiveCfg = Release|Any CPU
		{C8644FAE-508B-43D9-839A-2EF3A896476E}.Debug|x64.Build.0 = Release|Any CPU
		{C8644FAE-508B-43D9-839A-2EF3A896476E}.Debug|x86.ActiveCfg = Release|Any CPU
		{C8644FAE-508B-43D9-839A-2EF3A896476E}.Debug|x86.Build.0 = Release|Any CPU
		{C8644FAE-508B-43D9-839A-2EF3A896476E}.Release|Any CPU.ActiveCfg = Release|Any CPU
		{C8644FAE-508B-43D9-839A-2EF3A896476E}.Release|Any CPU.Build.0 = Release|Any CPU
		{C8644FAE-508B-43D9-839A-2EF3A896476E}.Release|x64.ActiveCfg = Release|Any CPU
		{C8644FAE-508B-43D9-839A-2EF3A896476E}.Release|x64.Build.0 = Release|Any CPU
		{C8644FAE-508B-43D9-839A-2EF3A896476E}.Release|x86.ActiveCfg = Release|Any CPU
		{C8644FAE-508B-43D9-839A-2EF3A896476E}.Release|x86.Build.0 = Release|Any CPU
		{F8D7C920-4347-4916-88A7-A3B90ECD4BDD}.Debug|Any CPU.ActiveCfg = Debug|Any CPU
		{F8D7C920-4347-4916-88A7-A3B90ECD4BDD}.Debug|Any CPU.Build.0 = Debug|Any CPU
		{F8D7C920-4347-4916-88A7-A3B90ECD4BDD}.Debug|x64.ActiveCfg = Debug|Any CPU
		{F8D7C920-4347-4916-88A7-A3B90ECD4BDD}.Debug|x64.Build.0 = Debug|Any CPU
		{F8D7C920-4347-4916-88A7-A3B90ECD4BDD}.Debug|x86.ActiveCfg = Debug|Any CPU
		{F8D7C920-4347-4916-88A7-A3B90ECD4BDD}.Debug|x86.Build.0 = Debug|Any CPU
		{F8D7C920-4347-4916-88A7-A3B90ECD4BDD}.Release|Any CPU.ActiveCfg = Release|Any CPU
		{F8D7C920-4347-4916-88A7-A3B90ECD4BDD}.Release|Any CPU.Build.0 = Release|Any CPU
		{F8D7C920-4347-4916-88A7-A3B90ECD4BDD}.Release|x64.ActiveCfg = Release|Any CPU
		{F8D7C920-4347-4916-88A7-A3B90ECD4BDD}.Release|x64.Build.0 = Release|Any CPU
		{F8D7C920-4347-4916-88A7-A3B90ECD4BDD}.Release|x86.ActiveCfg = Release|Any CPU
		{F8D7C920-4347-4916-88A7-A3B90ECD4BDD}.Release|x86.Build.0 = Release|Any CPU
		{8281B31A-C1E1-491A-9EBF-D8D23342AF0D}.Debug|Any CPU.ActiveCfg = Debug|Any CPU
		{8281B31A-C1E1-491A-9EBF-D8D23342AF0D}.Debug|Any CPU.Build.0 = Debug|Any CPU
		{8281B31A-C1E1-491A-9EBF-D8D23342AF0D}.Debug|x64.ActiveCfg = Debug|Any CPU
		{8281B31A-C1E1-491A-9EBF-D8D23342AF0D}.Debug|x64.Build.0 = Debug|Any CPU
		{8281B31A-C1E1-491A-9EBF-D8D23342AF0D}.Debug|x86.ActiveCfg = Debug|Any CPU
		{8281B31A-C1E1-491A-9EBF-D8D23342AF0D}.Debug|x86.Build.0 = Debug|Any CPU
		{8281B31A-C1E1-491A-9EBF-D8D23342AF0D}.Release|Any CPU.ActiveCfg = Release|Any CPU
		{8281B31A-C1E1-491A-9EBF-D8D23342AF0D}.Release|Any CPU.Build.0 = Release|Any CPU
		{8281B31A-C1E1-491A-9EBF-D8D23342AF0D}.Release|x64.ActiveCfg = Release|Any CPU
		{8281B31A-C1E1-491A-9EBF-D8D23342AF0D}.Release|x64.Build.0 = Release|Any CPU
		{8281B31A-C1E1-491A-9EBF-D8D23342AF0D}.Release|x86.ActiveCfg = Release|Any CPU
		{8281B31A-C1E1-491A-9EBF-D8D23342AF0D}.Release|x86.Build.0 = Release|Any CPU
	EndGlobalSection
	GlobalSection(SolutionProperties) = preSolution
		HideSolutionNode = FALSE
	EndGlobalSection
	GlobalSection(ExtensibilityGlobals) = postSolution
		SolutionGuid = {3683C92C-E5BE-4E92-8973-7E89F7581F8F}
	EndGlobalSection
EndGlobal
